
Microsoft Visual Studio Solution File, Format Version 12.00
# Visual Studio Version 16
VisualStudioVersion = 16.0.30717.126
MinimumVisualStudioVersion = 10.0.40219.1
Project("{FAE04EC0-301F-11D3-BF4B-00C04F79EFBC}") = "Demos", "Demos\Demos.csproj", "{EDDF782D-5D11-4800-B7AF-84CAF1638EEE}"
EndProject
Project("{FAE04EC0-301F-11D3-BF4B-00C04F79EFBC}") = "MiBiblioteca", "MiBiblioteca\MiBiblioteca.csproj", "{6871A2D2-09BE-4243-8457-0A62FD6F077B}"
EndProject
Project("{FAE04EC0-301F-11D3-BF4B-00C04F79EFBC}") = "DemoWin", "DemoWin\DemoWin.csproj", "{4DB33BA6-35D6-4906-9FDA-94E660DE9B52}"
EndProject
Project("{FAE04EC0-301F-11D3-BF4B-00C04F79EFBC}") = "MiAplicacion", "MiAplicacion\MiAplicacion.csproj", "{B79A1AB6-F1F1-4E83-92F0-F66A8812818D}"
EndProject
Project("{FAE04EC0-301F-11D3-BF4B-00C04F79EFBC}") = "JuegoConsola", "JuegoConsola\JuegoConsola.csproj", "{3C69EB1D-0927-4BBF-A8B1-82C03E463680}"
EndProject
Project("{FAE04EC0-301F-11D3-BF4B-00C04F79EFBC}") = "ViewNext.Validadores", "ViewNext.Validadores\ViewNext.Validadores.csproj", "{C70FD11C-109E-43D9-8C0C-CFA766F8D14A}"
EndProject
Project("{2150E333-8FDC-42A3-9474-1A3956D46DE8}") = "1. Presentación", "1. Presentación", "{7C5F0C89-3F08-488B-8465-77B3D0CE79FE}"
EndProject
Project("{2150E333-8FDC-42A3-9474-1A3956D46DE8}") = "2. Aplicacion", "2. Aplicacion", "{C0D59018-BEE2-44AE-B022-97F17E145422}"
EndProject
Project("{2150E333-8FDC-42A3-9474-1A3956D46DE8}") = "3. Dominio", "3. Dominio", "{1B472973-494B-4524-9360-B343706F33E9}"
EndProject
Project("{2150E333-8FDC-42A3-9474-1A3956D46DE8}") = "99. Core", "99. Core", "{F7FF6FA6-148F-4208-AF7C-F4A06BE747A3}"
EndProject
Project("{2150E333-8FDC-42A3-9474-1A3956D46DE8}") = "Consola", "Consola", "{2332A514-D6E6-4C84-807E-1BF3E7EF9AAC}"
EndProject
Project("{2150E333-8FDC-42A3-9474-1A3956D46DE8}") = "Escritorio", "Escritorio", "{537DECF1-2413-4872-B99D-7E81177078FC}"
EndProject
Project("{2150E333-8FDC-42A3-9474-1A3956D46DE8}") = "Web", "Web", "{275526A2-4C4F-41D2-B153-9F66A83AF958}"
EndProject
Global
	GlobalSection(SolutionConfigurationPlatforms) = preSolution
		Debug|Any CPU = Debug|Any CPU
		Release|Any CPU = Release|Any CPU
	EndGlobalSection
	GlobalSection(ProjectConfigurationPlatforms) = postSolution
		{EDDF782D-5D11-4800-B7AF-84CAF1638EEE}.Debug|Any CPU.ActiveCfg = Debug|Any CPU
		{EDDF782D-5D11-4800-B7AF-84CAF1638EEE}.Debug|Any CPU.Build.0 = Debug|Any CPU
		{EDDF782D-5D11-4800-B7AF-84CAF1638EEE}.Release|Any CPU.ActiveCfg = Release|Any CPU
		{EDDF782D-5D11-4800-B7AF-84CAF1638EEE}.Release|Any CPU.Build.0 = Release|Any CPU
		{6871A2D2-09BE-4243-8457-0A62FD6F077B}.Debug|Any CPU.ActiveCfg = Debug|Any CPU
		{6871A2D2-09BE-4243-8457-0A62FD6F077B}.Debug|Any CPU.Build.0 = Debug|Any CPU
		{6871A2D2-09BE-4243-8457-0A62FD6F077B}.Release|Any CPU.ActiveCfg = Release|Any CPU
		{6871A2D2-09BE-4243-8457-0A62FD6F077B}.Release|Any CPU.Build.0 = Release|Any CPU
		{4DB33BA6-35D6-4906-9FDA-94E660DE9B52}.Debug|Any CPU.ActiveCfg = Debug|Any CPU
		{4DB33BA6-35D6-4906-9FDA-94E660DE9B52}.Debug|Any CPU.Build.0 = Debug|Any CPU
		{4DB33BA6-35D6-4906-9FDA-94E660DE9B52}.Release|Any CPU.ActiveCfg = Release|Any CPU
		{4DB33BA6-35D6-4906-9FDA-94E660DE9B52}.Release|Any CPU.Build.0 = Release|Any CPU
		{B79A1AB6-F1F1-4E83-92F0-F66A8812818D}.Debug|Any CPU.ActiveCfg = Debug|Any CPU
		{B79A1AB6-F1F1-4E83-92F0-F66A8812818D}.Debug|Any CPU.Build.0 = Debug|Any CPU
		{B79A1AB6-F1F1-4E83-92F0-F66A8812818D}.Release|Any CPU.ActiveCfg = Release|Any CPU
		{B79A1AB6-F1F1-4E83-92F0-F66A8812818D}.Release|Any CPU.Build.0 = Release|Any CPU
		{3C69EB1D-0927-4BBF-A8B1-82C03E463680}.Debug|Any CPU.ActiveCfg = Debug|Any CPU
		{3C69EB1D-0927-4BBF-A8B1-82C03E463680}.Debug|Any CPU.Build.0 = Debug|Any CPU
		{3C69EB1D-0927-4BBF-A8B1-82C03E463680}.Release|Any CPU.ActiveCfg = Release|Any CPU
		{3C69EB1D-0927-4BBF-A8B1-82C03E463680}.Release|Any CPU.Build.0 = Release|Any CPU
		{C70FD11C-109E-43D9-8C0C-CFA766F8D14A}.Debug|Any CPU.ActiveCfg = Debug|Any CPU
		{C70FD11C-109E-43D9-8C0C-CFA766F8D14A}.Debug|Any CPU.Build.0 = Debug|Any CPU
		{C70FD11C-109E-43D9-8C0C-CFA766F8D14A}.Release|Any CPU.ActiveCfg = Release|Any CPU
		{C70FD11C-109E-43D9-8C0C-CFA766F8D14A}.Release|Any CPU.Build.0 = Release|Any CPU
	EndGlobalSection
	GlobalSection(SolutionProperties) = preSolution
		HideSolutionNode = FALSE
	EndGlobalSection
	GlobalSection(NestedProjects) = preSolution
		{EDDF782D-5D11-4800-B7AF-84CAF1638EEE} = {2332A514-D6E6-4C84-807E-1BF3E7EF9AAC}
		{6871A2D2-09BE-4243-8457-0A62FD6F077B} = {C0D59018-BEE2-44AE-B022-97F17E145422}
		{4DB33BA6-35D6-4906-9FDA-94E660DE9B52} = {537DECF1-2413-4872-B99D-7E81177078FC}
		{B79A1AB6-F1F1-4E83-92F0-F66A8812818D} = {537DECF1-2413-4872-B99D-7E81177078FC}
		{3C69EB1D-0927-4BBF-A8B1-82C03E463680} = {2332A514-D6E6-4C84-807E-1BF3E7EF9AAC}
		{C70FD11C-109E-43D9-8C0C-CFA766F8D14A} = {F7FF6FA6-148F-4208-AF7C-F4A06BE747A3}
		{2332A514-D6E6-4C84-807E-1BF3E7EF9AAC} = {7C5F0C89-3F08-488B-8465-77B3D0CE79FE}
		{537DECF1-2413-4872-B99D-7E81177078FC} = {7C5F0C89-3F08-488B-8465-77B3D0CE79FE}
		{275526A2-4C4F-41D2-B153-9F66A83AF958} = {7C5F0C89-3F08-488B-8465-77B3D0CE79FE}
	EndGlobalSection
	GlobalSection(ExtensibilityGlobals) = postSolution
		SolutionGuid = {049C7129-989A-4D94-AC5C-C9EEB5186AD0}
	EndGlobalSection
EndGlobal
